// !$*UTF8*$!
{
	archiveVersion = 1;
	classes = {
	};
	objectVersion = 56;
	objects = {

/* Begin PBXBuildFile section */
		0417D8702C01DB13008D2322 /* BeforeCodeOfResturantTableVIew.swift in Sources */ = {isa = PBXBuildFile; fileRef = 0417D86F2C01DB13008D2322 /* BeforeCodeOfResturantTableVIew.swift */; };
		042104942C0862A300E9C613 /* RestaurantMapViewController.swift in Sources */ = {isa = PBXBuildFile; fileRef = 042104932C0862A300E9C613 /* RestaurantMapViewController.swift */; };
		042104A42C09A00300E9C613 /* +Extension.swift in Sources */ = {isa = PBXBuildFile; fileRef = 042104A32C09A00300E9C613 /* +Extension.swift */; };
		042104A72C09A54F00E9C613 /* Chatting.storyboard in Resources */ = {isa = PBXBuildFile; fileRef = 042104A62C09A54F00E9C613 /* Chatting.storyboard */; };
		042104A92C09A57200E9C613 /* ChattingViewController.swift in Sources */ = {isa = PBXBuildFile; fileRef = 042104A82C09A57200E9C613 /* ChattingViewController.swift */; };
		042104AB2C09A70700E9C613 /* ChattingData.swift in Sources */ = {isa = PBXBuildFile; fileRef = 042104AA2C09A70700E9C613 /* ChattingData.swift */; };
		042104AE2C09A84C00E9C613 /* ChattingHomeTableViewCell.xib in Resources */ = {isa = PBXBuildFile; fileRef = 042104AD2C09A84C00E9C613 /* ChattingHomeTableViewCell.xib */; };
		042104AF2C09A84C00E9C613 /* ChattingHomeTableViewCell.swift in Sources */ = {isa = PBXBuildFile; fileRef = 042104AC2C09A84C00E9C613 /* ChattingHomeTableViewCell.swift */; };
		042104B12C09B40000E9C613 /* ChattingDetailViewController.swift in Sources */ = {isa = PBXBuildFile; fileRef = 042104B02C09B40000E9C613 /* ChattingDetailViewController.swift */; };
		042104B42C09B54A00E9C613 /* UserChatTableViewCell.xib in Resources */ = {isa = PBXBuildFile; fileRef = 042104B32C09B54A00E9C613 /* UserChatTableViewCell.xib */; };
		042104B52C09B54A00E9C613 /* UserChatTableViewCell.swift in Sources */ = {isa = PBXBuildFile; fileRef = 042104B22C09B54A00E9C613 /* UserChatTableViewCell.swift */; };
		042104BA2C0AD04E00E9C613 /* MyChatTableViewCell.xib in Resources */ = {isa = PBXBuildFile; fileRef = 042104B92C0AD04E00E9C613 /* MyChatTableViewCell.xib */; };
		042104BB2C0AD04E00E9C613 /* MyChatTableViewCell.swift in Sources */ = {isa = PBXBuildFile; fileRef = 042104B82C0AD04E00E9C613 /* MyChatTableViewCell.swift */; };
		04763B202C0AFF3500399C1A /* +UIDesign.swift in Sources */ = {isa = PBXBuildFile; fileRef = 04763B1F2C0AFF3500399C1A /* +UIDesign.swift */; };
		04763B222C0B00B000399C1A /* CustomDateFormatter.swift in Sources */ = {isa = PBXBuildFile; fileRef = 04763B212C0B00B000399C1A /* CustomDateFormatter.swift */; };
		04776DD92C04BFA800251555 /* BeforeRestaurantButtonLogic.swift in Sources */ = {isa = PBXBuildFile; fileRef = 04776DD82C04BFA800251555 /* BeforeRestaurantButtonLogic.swift */; };
		0492718A2C0726E5009E14D2 /* CityInfo.swift in Sources */ = {isa = PBXBuildFile; fileRef = 049271892C0726E5009E14D2 /* CityInfo.swift */; };
		04983F922C008A1D0014CD63 /* AppDelegate.swift in Sources */ = {isa = PBXBuildFile; fileRef = 04983F912C008A1D0014CD63 /* AppDelegate.swift */; };
		04983F942C008A1D0014CD63 /* SceneDelegate.swift in Sources */ = {isa = PBXBuildFile; fileRef = 04983F932C008A1D0014CD63 /* SceneDelegate.swift */; };
		04983F9B2C008A1E0014CD63 /* Assets.xcassets in Resources */ = {isa = PBXBuildFile; fileRef = 04983F9A2C008A1E0014CD63 /* Assets.xcassets */; };
		04983F9E2C008A1E0014CD63 /* Base in Resources */ = {isa = PBXBuildFile; fileRef = 04983F9D2C008A1E0014CD63 /* Base */; };
		04983FA62C008B3B0014CD63 /* MagazineInfo.swift in Sources */ = {isa = PBXBuildFile; fileRef = 04983FA52C008B3B0014CD63 /* MagazineInfo.swift */; };
		04983FA82C008BA10014CD63 /* Magazine.storyboard in Resources */ = {isa = PBXBuildFile; fileRef = 04983FA72C008BA10014CD63 /* Magazine.storyboard */; };
		04983FAA2C008C070014CD63 /* MagazineTableViewController.swift in Sources */ = {isa = PBXBuildFile; fileRef = 04983FA92C008C070014CD63 /* MagazineTableViewController.swift */; };
		04983FAC2C0092C60014CD63 /* MagazineTableViewCell.swift in Sources */ = {isa = PBXBuildFile; fileRef = 04983FAB2C0092C60014CD63 /* MagazineTableViewCell.swift */; };
		04983FAF2C00B1680014CD63 /* Kingfisher in Frameworks */ = {isa = PBXBuildFile; productRef = 04983FAE2C00B1680014CD63 /* Kingfisher */; };
		04983FB12C00C8D40014CD63 /* RestaurantTableViewCell.swift in Sources */ = {isa = PBXBuildFile; fileRef = 04983FB02C00C8D40014CD63 /* RestaurantTableViewCell.swift */; };
		04983FB32C00C8E00014CD63 /* RestaurantTableViewController.swift in Sources */ = {isa = PBXBuildFile; fileRef = 04983FB22C00C8E00014CD63 /* RestaurantTableViewController.swift */; };
		04983FB52C00C9360014CD63 /* Restaurant.swift in Sources */ = {isa = PBXBuildFile; fileRef = 04983FB42C00C9360014CD63 /* Restaurant.swift */; };
		04CDF3922C045BB4001715D9 /* TravelModel.swift in Sources */ = {isa = PBXBuildFile; fileRef = 04CDF3912C045BB4001715D9 /* TravelModel.swift */; };
		04CDF3942C045BDD001715D9 /* TravelViewController.swift in Sources */ = {isa = PBXBuildFile; fileRef = 04CDF3932C045BDD001715D9 /* TravelViewController.swift */; };
		04CDF3962C045BF5001715D9 /* City.storyboard in Resources */ = {isa = PBXBuildFile; fileRef = 04CDF3952C045BF5001715D9 /* City.storyboard */; };
		04CDF3992C045C52001715D9 /* CityTableViewCell.swift in Sources */ = {isa = PBXBuildFile; fileRef = 04CDF3972C045C52001715D9 /* CityTableViewCell.swift */; };
		04CDF39A2C045C52001715D9 /* CityTableViewCell.xib in Resources */ = {isa = PBXBuildFile; fileRef = 04CDF3982C045C52001715D9 /* CityTableViewCell.xib */; };
		04CDF39D2C046BF6001715D9 /* AdTableViewCell.swift in Sources */ = {isa = PBXBuildFile; fileRef = 04CDF39B2C046BF6001715D9 /* AdTableViewCell.swift */; };
		04CDF39E2C046BF6001715D9 /* AdTableViewCell.xib in Resources */ = {isa = PBXBuildFile; fileRef = 04CDF39C2C046BF6001715D9 /* AdTableViewCell.xib */; };
		04D43A9B2C070061004D32ED /* TravelDetailViewController.swift in Sources */ = {isa = PBXBuildFile; fileRef = 04D43A9A2C070061004D32ED /* TravelDetailViewController.swift */; };
		04D43A9D2C07007A004D32ED /* AdViewController.swift in Sources */ = {isa = PBXBuildFile; fileRef = 04D43A9C2C07007A004D32ED /* AdViewController.swift */; };
		04D43AA12C070F13004D32ED /* TravelDetailView.storyboard in Resources */ = {isa = PBXBuildFile; fileRef = 04D43AA02C070F13004D32ED /* TravelDetailView.storyboard */; };
		04D43AA52C0722C3004D32ED /* SearchCity.storyboard in Resources */ = {isa = PBXBuildFile; fileRef = 04D43AA42C0722C3004D32ED /* SearchCity.storyboard */; };
		04D43AA82C072361004D32ED /* SearchCityTableViewCell.xib in Resources */ = {isa = PBXBuildFile; fileRef = 04D43AA72C072361004D32ED /* SearchCityTableViewCell.xib */; };
		04D43AA92C072361004D32ED /* SearchCityTableViewCell.swift in Sources */ = {isa = PBXBuildFile; fileRef = 04D43AA62C072361004D32ED /* SearchCityTableViewCell.swift */; };
		04D43AAB2C072394004D32ED /* SearchCityViewController.swift in Sources */ = {isa = PBXBuildFile; fileRef = 04D43AAA2C072394004D32ED /* SearchCityViewController.swift */; };
/* End PBXBuildFile section */

/* Begin PBXFileReference section */
		0417D86F2C01DB13008D2322 /* BeforeCodeOfResturantTableVIew.swift */ = {isa = PBXFileReference; lastKnownFileType = sourcecode.swift; path = BeforeCodeOfResturantTableVIew.swift; sourceTree = "<group>"; };
		042104932C0862A300E9C613 /* RestaurantMapViewController.swift */ = {isa = PBXFileReference; lastKnownFileType = sourcecode.swift; path = RestaurantMapViewController.swift; sourceTree = "<group>"; };
		042104A32C09A00300E9C613 /* +Extension.swift */ = {isa = PBXFileReference; lastKnownFileType = sourcecode.swift; path = "+Extension.swift"; sourceTree = "<group>"; };
		042104A62C09A54F00E9C613 /* Chatting.storyboard */ = {isa = PBXFileReference; lastKnownFileType = file.storyboard; name = Chatting.storyboard; path = ../Chatting.storyboard; sourceTree = "<group>"; };
		042104A82C09A57200E9C613 /* ChattingViewController.swift */ = {isa = PBXFileReference; lastKnownFileType = sourcecode.swift; name = ChattingViewController.swift; path = Assignment_240524/ChattingViewController.swift; sourceTree = SOURCE_ROOT; };
		042104AA2C09A70700E9C613 /* ChattingData.swift */ = {isa = PBXFileReference; fileEncoding = 4; lastKnownFileType = sourcecode.swift; path = ChattingData.swift; sourceTree = "<group>"; };
		042104AC2C09A84C00E9C613 /* ChattingHomeTableViewCell.swift */ = {isa = PBXFileReference; lastKnownFileType = sourcecode.swift; path = ChattingHomeTableViewCell.swift; sourceTree = "<group>"; };
		042104AD2C09A84C00E9C613 /* ChattingHomeTableViewCell.xib */ = {isa = PBXFileReference; lastKnownFileType = file.xib; path = ChattingHomeTableViewCell.xib; sourceTree = "<group>"; };
		042104B02C09B40000E9C613 /* ChattingDetailViewController.swift */ = {isa = PBXFileReference; lastKnownFileType = sourcecode.swift; path = ChattingDetailViewController.swift; sourceTree = "<group>"; };
		042104B22C09B54A00E9C613 /* UserChatTableViewCell.swift */ = {isa = PBXFileReference; lastKnownFileType = sourcecode.swift; path = UserChatTableViewCell.swift; sourceTree = "<group>"; };
		042104B32C09B54A00E9C613 /* UserChatTableViewCell.xib */ = {isa = PBXFileReference; lastKnownFileType = file.xib; path = UserChatTableViewCell.xib; sourceTree = "<group>"; };
		042104B82C0AD04E00E9C613 /* MyChatTableViewCell.swift */ = {isa = PBXFileReference; lastKnownFileType = sourcecode.swift; path = MyChatTableViewCell.swift; sourceTree = "<group>"; };
		042104B92C0AD04E00E9C613 /* MyChatTableViewCell.xib */ = {isa = PBXFileReference; lastKnownFileType = file.xib; path = MyChatTableViewCell.xib; sourceTree = "<group>"; };
		04763B1F2C0AFF3500399C1A /* +UIDesign.swift */ = {isa = PBXFileReference; lastKnownFileType = sourcecode.swift; path = "+UIDesign.swift"; sourceTree = "<group>"; };
		04763B212C0B00B000399C1A /* CustomDateFormatter.swift */ = {isa = PBXFileReference; lastKnownFileType = sourcecode.swift; path = CustomDateFormatter.swift; sourceTree = "<group>"; };
		04776DD82C04BFA800251555 /* BeforeRestaurantButtonLogic.swift */ = {isa = PBXFileReference; lastKnownFileType = sourcecode.swift; path = BeforeRestaurantButtonLogic.swift; sourceTree = "<group>"; };
		049271892C0726E5009E14D2 /* CityInfo.swift */ = {isa = PBXFileReference; fileEncoding = 4; lastKnownFileType = sourcecode.swift; path = CityInfo.swift; sourceTree = "<group>"; };
		04983F8E2C008A1D0014CD63 /* Assignment_240524.app */ = {isa = PBXFileReference; explicitFileType = wrapper.application; includeInIndex = 0; path = Assignment_240524.app; sourceTree = BUILT_PRODUCTS_DIR; };
		04983F912C008A1D0014CD63 /* AppDelegate.swift */ = {isa = PBXFileReference; lastKnownFileType = sourcecode.swift; path = AppDelegate.swift; sourceTree = "<group>"; };
		04983F932C008A1D0014CD63 /* SceneDelegate.swift */ = {isa = PBXFileReference; lastKnownFileType = sourcecode.swift; path = SceneDelegate.swift; sourceTree = "<group>"; };
		04983F9A2C008A1E0014CD63 /* Assets.xcassets */ = {isa = PBXFileReference; lastKnownFileType = folder.assetcatalog; path = Assets.xcassets; sourceTree = "<group>"; };
		04983F9D2C008A1E0014CD63 /* Base */ = {isa = PBXFileReference; lastKnownFileType = file.storyboard; name = Base; path = Base.lproj/LaunchScreen.storyboard; sourceTree = "<group>"; };
		04983F9F2C008A1E0014CD63 /* Info.plist */ = {isa = PBXFileReference; lastKnownFileType = text.plist.xml; path = Info.plist; sourceTree = "<group>"; };
		04983FA52C008B3B0014CD63 /* MagazineInfo.swift */ = {isa = PBXFileReference; lastKnownFileType = sourcecode.swift; path = MagazineInfo.swift; sourceTree = "<group>"; };
		04983FA72C008BA10014CD63 /* Magazine.storyboard */ = {isa = PBXFileReference; lastKnownFileType = file.storyboard; path = Magazine.storyboard; sourceTree = "<group>"; };
		04983FA92C008C070014CD63 /* MagazineTableViewController.swift */ = {isa = PBXFileReference; lastKnownFileType = sourcecode.swift; path = MagazineTableViewController.swift; sourceTree = "<group>"; };
		04983FAB2C0092C60014CD63 /* MagazineTableViewCell.swift */ = {isa = PBXFileReference; lastKnownFileType = sourcecode.swift; path = MagazineTableViewCell.swift; sourceTree = "<group>"; };
		04983FB02C00C8D40014CD63 /* RestaurantTableViewCell.swift */ = {isa = PBXFileReference; lastKnownFileType = sourcecode.swift; path = RestaurantTableViewCell.swift; sourceTree = "<group>"; };
		04983FB22C00C8E00014CD63 /* RestaurantTableViewController.swift */ = {isa = PBXFileReference; lastKnownFileType = sourcecode.swift; path = RestaurantTableViewController.swift; sourceTree = "<group>"; };
		04983FB42C00C9360014CD63 /* Restaurant.swift */ = {isa = PBXFileReference; lastKnownFileType = sourcecode.swift; path = Restaurant.swift; sourceTree = "<group>"; };
		04CDF3912C045BB4001715D9 /* TravelModel.swift */ = {isa = PBXFileReference; fileEncoding = 4; lastKnownFileType = sourcecode.swift; path = TravelModel.swift; sourceTree = "<group>"; };
		04CDF3932C045BDD001715D9 /* TravelViewController.swift */ = {isa = PBXFileReference; lastKnownFileType = sourcecode.swift; path = TravelViewController.swift; sourceTree = "<group>"; };
		04CDF3952C045BF5001715D9 /* City.storyboard */ = {isa = PBXFileReference; lastKnownFileType = file.storyboard; path = City.storyboard; sourceTree = "<group>"; };
		04CDF3972C045C52001715D9 /* CityTableViewCell.swift */ = {isa = PBXFileReference; lastKnownFileType = sourcecode.swift; path = CityTableViewCell.swift; sourceTree = "<group>"; };
		04CDF3982C045C52001715D9 /* CityTableViewCell.xib */ = {isa = PBXFileReference; lastKnownFileType = file.xib; path = CityTableViewCell.xib; sourceTree = "<group>"; };
		04CDF39B2C046BF6001715D9 /* AdTableViewCell.swift */ = {isa = PBXFileReference; lastKnownFileType = sourcecode.swift; path = AdTableViewCell.swift; sourceTree = "<group>"; };
		04CDF39C2C046BF6001715D9 /* AdTableViewCell.xib */ = {isa = PBXFileReference; lastKnownFileType = file.xib; path = AdTableViewCell.xib; sourceTree = "<group>"; };
		04D43A9A2C070061004D32ED /* TravelDetailViewController.swift */ = {isa = PBXFileReference; lastKnownFileType = sourcecode.swift; path = TravelDetailViewController.swift; sourceTree = "<group>"; };
		04D43A9C2C07007A004D32ED /* AdViewController.swift */ = {isa = PBXFileReference; lastKnownFileType = sourcecode.swift; path = AdViewController.swift; sourceTree = "<group>"; };
		04D43AA02C070F13004D32ED /* TravelDetailView.storyboard */ = {isa = PBXFileReference; lastKnownFileType = file.storyboard; path = TravelDetailView.storyboard; sourceTree = "<group>"; };
		04D43AA42C0722C3004D32ED /* SearchCity.storyboard */ = {isa = PBXFileReference; lastKnownFileType = file.storyboard; path = SearchCity.storyboard; sourceTree = "<group>"; };
		04D43AA62C072361004D32ED /* SearchCityTableViewCell.swift */ = {isa = PBXFileReference; lastKnownFileType = sourcecode.swift; path = SearchCityTableViewCell.swift; sourceTree = "<group>"; };
		04D43AA72C072361004D32ED /* SearchCityTableViewCell.xib */ = {isa = PBXFileReference; lastKnownFileType = file.xib; path = SearchCityTableViewCell.xib; sourceTree = "<group>"; };
		04D43AAA2C072394004D32ED /* SearchCityViewController.swift */ = {isa = PBXFileReference; lastKnownFileType = sourcecode.swift; path = SearchCityViewController.swift; sourceTree = "<group>"; };
/* End PBXFileReference section */

/* Begin PBXFrameworksBuildPhase section */
		04983F8B2C008A1D0014CD63 /* Frameworks */ = {
			isa = PBXFrameworksBuildPhase;
			buildActionMask = 2147483647;
			files = (
				04983FAF2C00B1680014CD63 /* Kingfisher in Frameworks */,
			);
			runOnlyForDeploymentPostprocessing = 0;
		};
/* End PBXFrameworksBuildPhase section */

/* Begin PBXGroup section */
		042104A52C09A52700E9C613 /* Chatting */ = {
			isa = PBXGroup;
			children = (
				042104A62C09A54F00E9C613 /* Chatting.storyboard */,
				042104A82C09A57200E9C613 /* ChattingViewController.swift */,
				042104B62C09B55E00E9C613 /* ChattingHome */,
				042104B02C09B40000E9C613 /* ChattingDetailViewController.swift */,
				042104B72C09B57700E9C613 /* ChattingDetail */,
				042104AA2C09A70700E9C613 /* ChattingData.swift */,
			);
			path = Chatting;
			sourceTree = "<group>";
		};
		042104B62C09B55E00E9C613 /* ChattingHome */ = {
			isa = PBXGroup;
			children = (
				042104AD2C09A84C00E9C613 /* ChattingHomeTableViewCell.xib */,
				042104AC2C09A84C00E9C613 /* ChattingHomeTableViewCell.swift */,
			);
			path = ChattingHome;
			sourceTree = "<group>";
		};
		042104B72C09B57700E9C613 /* ChattingDetail */ = {
			isa = PBXGroup;
			children = (
				042104B32C09B54A00E9C613 /* UserChatTableViewCell.xib */,
				042104B22C09B54A00E9C613 /* UserChatTableViewCell.swift */,
				042104B92C0AD04E00E9C613 /* MyChatTableViewCell.xib */,
				042104B82C0AD04E00E9C613 /* MyChatTableViewCell.swift */,
			);
			path = ChattingDetail;
			sourceTree = "<group>";
		};
		04983F852C008A1D0014CD63 = {
			isa = PBXGroup;
			children = (
				04983F902C008A1D0014CD63 /* Assignment_240524 */,
				04983F8F2C008A1D0014CD63 /* Products */,
			);
			sourceTree = "<group>";
		};
		04983F8F2C008A1D0014CD63 /* Products */ = {
			isa = PBXGroup;
			children = (
				04983F8E2C008A1D0014CD63 /* Assignment_240524.app */,
			);
			name = Products;
			sourceTree = "<group>";
		};
		04983F902C008A1D0014CD63 /* Assignment_240524 */ = {
			isa = PBXGroup;
			children = (
				04983F912C008A1D0014CD63 /* AppDelegate.swift */,
				04983F932C008A1D0014CD63 /* SceneDelegate.swift */,
				04D43A942C060A9F004D32ED /* Restaurant */,
				04D43A932C060A85004D32ED /* Magazine */,
				04D43A952C060AB0004D32ED /* Travel */,
				04D43AA32C0722AC004D32ED /* SearchCity */,
				042104A52C09A52700E9C613 /* Chatting */,
				04983F9A2C008A1E0014CD63 /* Assets.xcassets */,
				04983F9C2C008A1E0014CD63 /* LaunchScreen.storyboard */,
				04983F9F2C008A1E0014CD63 /* Info.plist */,
				042104A32C09A00300E9C613 /* +Extension.swift */,
				04763B1F2C0AFF3500399C1A /* +UIDesign.swift */,
				04763B212C0B00B000399C1A /* CustomDateFormatter.swift */,
				0417D86F2C01DB13008D2322 /* BeforeCodeOfResturantTableVIew.swift */,
				04776DD82C04BFA800251555 /* BeforeRestaurantButtonLogic.swift */,
			);
			path = Assignment_240524;
			sourceTree = "<group>";
		};
		04D43A932C060A85004D32ED /* Magazine */ = {
			isa = PBXGroup;
			children = (
				04983FA72C008BA10014CD63 /* Magazine.storyboard */,
				04983FA92C008C070014CD63 /* MagazineTableViewController.swift */,
				04983FAB2C0092C60014CD63 /* MagazineTableViewCell.swift */,
				04983FA52C008B3B0014CD63 /* MagazineInfo.swift */,
			);
			path = Magazine;
			sourceTree = "<group>";
		};
		04D43A942C060A9F004D32ED /* Restaurant */ = {
			isa = PBXGroup;
			children = (
				04983FB22C00C8E00014CD63 /* RestaurantTableViewController.swift */,
				042104932C0862A300E9C613 /* RestaurantMapViewController.swift */,
				04983FB02C00C8D40014CD63 /* RestaurantTableViewCell.swift */,
				04983FB42C00C9360014CD63 /* Restaurant.swift */,
			);
			path = Restaurant;
			sourceTree = "<group>";
		};
		04D43A952C060AB0004D32ED /* Travel */ = {
			isa = PBXGroup;
			children = (
				04CDF3952C045BF5001715D9 /* City.storyboard */,
				04CDF3932C045BDD001715D9 /* TravelViewController.swift */,
				04D43A9C2C07007A004D32ED /* AdViewController.swift */,
				04D43AA02C070F13004D32ED /* TravelDetailView.storyboard */,
				04D43A9A2C070061004D32ED /* TravelDetailViewController.swift */,
				04CDF3982C045C52001715D9 /* CityTableViewCell.xib */,
				04CDF3972C045C52001715D9 /* CityTableViewCell.swift */,
				04CDF39C2C046BF6001715D9 /* AdTableViewCell.xib */,
				04CDF39B2C046BF6001715D9 /* AdTableViewCell.swift */,
				04CDF3912C045BB4001715D9 /* TravelModel.swift */,
			);
			path = Travel;
			sourceTree = "<group>";
		};
		04D43AA32C0722AC004D32ED /* SearchCity */ = {
			isa = PBXGroup;
			children = (
				04D43AA42C0722C3004D32ED /* SearchCity.storyboard */,
				04D43AAA2C072394004D32ED /* SearchCityViewController.swift */,
				04D43AA72C072361004D32ED /* SearchCityTableViewCell.xib */,
				04D43AA62C072361004D32ED /* SearchCityTableViewCell.swift */,
				049271892C0726E5009E14D2 /* CityInfo.swift */,
			);
			path = SearchCity;
			sourceTree = "<group>";
		};
/* End PBXGroup section */

/* Begin PBXNativeTarget section */
		04983F8D2C008A1D0014CD63 /* Assignment_240524 */ = {
			isa = PBXNativeTarget;
			buildConfigurationList = 04983FA22C008A1E0014CD63 /* Build configuration list for PBXNativeTarget "Assignment_240524" */;
			buildPhases = (
				04983F8A2C008A1D0014CD63 /* Sources */,
				04983F8B2C008A1D0014CD63 /* Frameworks */,
				04983F8C2C008A1D0014CD63 /* Resources */,
			);
			buildRules = (
			);
			dependencies = (
			);
			name = Assignment_240524;
			packageProductDependencies = (
				04983FAE2C00B1680014CD63 /* Kingfisher */,
			);
			productName = Assignment_240524;
			productReference = 04983F8E2C008A1D0014CD63 /* Assignment_240524.app */;
			productType = "com.apple.product-type.application";
		};
/* End PBXNativeTarget section */

/* Begin PBXProject section */
		04983F862C008A1D0014CD63 /* Project object */ = {
			isa = PBXProject;
			attributes = {
				BuildIndependentTargetsInParallel = 1;
				LastSwiftUpdateCheck = 1530;
				LastUpgradeCheck = 1530;
				TargetAttributes = {
					04983F8D2C008A1D0014CD63 = {
						CreatedOnToolsVersion = 15.3;
					};
				};
			};
			buildConfigurationList = 04983F892C008A1D0014CD63 /* Build configuration list for PBXProject "Assignment_240524" */;
			compatibilityVersion = "Xcode 14.0";
			developmentRegion = en;
			hasScannedForEncodings = 0;
			knownRegions = (
				en,
				Base,
			);
			mainGroup = 04983F852C008A1D0014CD63;
			packageReferences = (
				04983FAD2C00B1680014CD63 /* XCRemoteSwiftPackageReference "Kingfisher" */,
			);
			productRefGroup = 04983F8F2C008A1D0014CD63 /* Products */;
			projectDirPath = "";
			projectRoot = "";
			targets = (
				04983F8D2C008A1D0014CD63 /* Assignment_240524 */,
			);
		};
/* End PBXProject section */

/* Begin PBXResourcesBuildPhase section */
		04983F8C2C008A1D0014CD63 /* Resources */ = {
			isa = PBXResourcesBuildPhase;
			buildActionMask = 2147483647;
			files = (
				042104A72C09A54F00E9C613 /* Chatting.storyboard in Resources */,
				04D43AA82C072361004D32ED /* SearchCityTableViewCell.xib in Resources */,
				042104AE2C09A84C00E9C613 /* ChattingHomeTableViewCell.xib in Resources */,
				04CDF39A2C045C52001715D9 /* CityTableViewCell.xib in Resources */,
				042104B42C09B54A00E9C613 /* UserChatTableViewCell.xib in Resources */,
				042104BA2C0AD04E00E9C613 /* MyChatTableViewCell.xib in Resources */,
				04D43AA52C0722C3004D32ED /* SearchCity.storyboard in Resources */,
				04D43AA12C070F13004D32ED /* TravelDetailView.storyboard in Resources */,
				04983F9B2C008A1E0014CD63 /* Assets.xcassets in Resources */,
				04CDF39E2C046BF6001715D9 /* AdTableViewCell.xib in Resources */,
				04983F9E2C008A1E0014CD63 /* Base in Resources */,
				04983FA82C008BA10014CD63 /* Magazine.storyboard in Resources */,
				04CDF3962C045BF5001715D9 /* City.storyboard in Resources */,
			);
			runOnlyForDeploymentPostprocessing = 0;
		};
/* End PBXResourcesBuildPhase section */

/* Begin PBXSourcesBuildPhase section */
		04983F8A2C008A1D0014CD63 /* Sources */ = {
			isa = PBXSourcesBuildPhase;
			buildActionMask = 2147483647;
			files = (
				042104AF2C09A84C00E9C613 /* ChattingHomeTableViewCell.swift in Sources */,
				04763B202C0AFF3500399C1A /* +UIDesign.swift in Sources */,
				04983FAA2C008C070014CD63 /* MagazineTableViewController.swift in Sources */,
				042104B52C09B54A00E9C613 /* UserChatTableViewCell.swift in Sources */,
				042104AB2C09A70700E9C613 /* ChattingData.swift in Sources */,
				0417D8702C01DB13008D2322 /* BeforeCodeOfResturantTableVIew.swift in Sources */,
				04983FA62C008B3B0014CD63 /* MagazineInfo.swift in Sources */,
				042104A42C09A00300E9C613 /* +Extension.swift in Sources */,
				04D43AA92C072361004D32ED /* SearchCityTableViewCell.swift in Sources */,
				04983FAC2C0092C60014CD63 /* MagazineTableViewCell.swift in Sources */,
				04983F922C008A1D0014CD63 /* AppDelegate.swift in Sources */,
				04D43A9D2C07007A004D32ED /* AdViewController.swift in Sources */,
				04776DD92C04BFA800251555 /* BeforeRestaurantButtonLogic.swift in Sources */,
				042104B12C09B40000E9C613 /* ChattingDetailViewController.swift in Sources */,
				04CDF3942C045BDD001715D9 /* TravelViewController.swift in Sources */,
				04CDF3992C045C52001715D9 /* CityTableViewCell.swift in Sources */,
				04983FB12C00C8D40014CD63 /* RestaurantTableViewCell.swift in Sources */,
				042104BB2C0AD04E00E9C613 /* MyChatTableViewCell.swift in Sources */,
				04983FB32C00C8E00014CD63 /* RestaurantTableViewController.swift in Sources */,
				04CDF39D2C046BF6001715D9 /* AdTableViewCell.swift in Sources */,
				04763B222C0B00B000399C1A /* CustomDateFormatter.swift in Sources */,
				0492718A2C0726E5009E14D2 /* CityInfo.swift in Sources */,
				04CDF3922C045BB4001715D9 /* TravelModel.swift in Sources */,
				04D43A9B2C070061004D32ED /* TravelDetailViewController.swift in Sources */,
				04983F942C008A1D0014CD63 /* SceneDelegate.swift in Sources */,
				04983FB52C00C9360014CD63 /* Restaurant.swift in Sources */,
				042104942C0862A300E9C613 /* RestaurantMapViewController.swift in Sources */,
				042104A92C09A57200E9C613 /* ChattingViewController.swift in Sources */,
				04D43AAB2C072394004D32ED /* SearchCityViewController.swift in Sources */,
			);
			runOnlyForDeploymentPostprocessing = 0;
		};
/* End PBXSourcesBuildPhase section */

/* Begin PBXVariantGroup section */
		04983F9C2C008A1E0014CD63 /* LaunchScreen.storyboard */ = {
			isa = PBXVariantGroup;
			children = (
				04983F9D2C008A1E0014CD63 /* Base */,
			);
			name = LaunchScreen.storyboard;
			sourceTree = "<group>";
		};
/* End PBXVariantGroup section */

/* Begin XCBuildConfiguration section */
		04983FA02C008A1E0014CD63 /* Debug */ = {
			isa = XCBuildConfiguration;
			buildSettings = {
				ALWAYS_SEARCH_USER_PATHS = NO;
				ASSETCATALOG_COMPILER_GENERATE_SWIFT_ASSET_SYMBOL_EXTENSIONS = YES;
				CLANG_ANALYZER_NONNULL = YES;
				CLANG_ANALYZER_NUMBER_OBJECT_CONVERSION = YES_AGGRESSIVE;
				CLANG_CXX_LANGUAGE_STANDARD = "gnu++20";
				CLANG_ENABLE_MODULES = YES;
				CLANG_ENABLE_OBJC_ARC = YES;
				CLANG_ENABLE_OBJC_WEAK = YES;
				CLANG_WARN_BLOCK_CAPTURE_AUTORELEASING = YES;
				CLANG_WARN_BOOL_CONVERSION = YES;
				CLANG_WARN_COMMA = YES;
				CLANG_WARN_CONSTANT_CONVERSION = YES;
				CLANG_WARN_DEPRECATED_OBJC_IMPLEMENTATIONS = YES;
				CLANG_WARN_DIRECT_OBJC_ISA_USAGE = YES_ERROR;
				CLANG_WARN_DOCUMENTATION_COMMENTS = YES;
				CLANG_WARN_EMPTY_BODY = YES;
				CLANG_WARN_ENUM_CONVERSION = YES;
				CLANG_WARN_INFINITE_RECURSION = YES;
				CLANG_WARN_INT_CONVERSION = YES;
				CLANG_WARN_NON_LITERAL_NULL_CONVERSION = YES;
				CLANG_WARN_OBJC_IMPLICIT_RETAIN_SELF = YES;
				CLANG_WARN_OBJC_LITERAL_CONVERSION = YES;
				CLANG_WARN_OBJC_ROOT_CLASS = YES_ERROR;
				CLANG_WARN_QUOTED_INCLUDE_IN_FRAMEWORK_HEADER = YES;
				CLANG_WARN_RANGE_LOOP_ANALYSIS = YES;
				CLANG_WARN_STRICT_PROTOTYPES = YES;
				CLANG_WARN_SUSPICIOUS_MOVE = YES;
				CLANG_WARN_UNGUARDED_AVAILABILITY = YES_AGGRESSIVE;
				CLANG_WARN_UNREACHABLE_CODE = YES;
				CLANG_WARN__DUPLICATE_METHOD_MATCH = YES;
				COPY_PHASE_STRIP = NO;
				DEBUG_INFORMATION_FORMAT = dwarf;
				ENABLE_STRICT_OBJC_MSGSEND = YES;
				ENABLE_TESTABILITY = YES;
				ENABLE_USER_SCRIPT_SANDBOXING = YES;
				GCC_C_LANGUAGE_STANDARD = gnu17;
				GCC_DYNAMIC_NO_PIC = NO;
				GCC_NO_COMMON_BLOCKS = YES;
				GCC_OPTIMIZATION_LEVEL = 0;
				GCC_PREPROCESSOR_DEFINITIONS = (
					"DEBUG=1",
					"$(inherited)",
				);
				GCC_WARN_64_TO_32_BIT_CONVERSION = YES;
				GCC_WARN_ABOUT_RETURN_TYPE = YES_ERROR;
				GCC_WARN_UNDECLARED_SELECTOR = YES;
				GCC_WARN_UNINITIALIZED_AUTOS = YES_AGGRESSIVE;
				GCC_WARN_UNUSED_FUNCTION = YES;
				GCC_WARN_UNUSED_VARIABLE = YES;
				IPHONEOS_DEPLOYMENT_TARGET = 17.4;
				LOCALIZATION_PREFERS_STRING_CATALOGS = YES;
				MTL_ENABLE_DEBUG_INFO = INCLUDE_SOURCE;
				MTL_FAST_MATH = YES;
				ONLY_ACTIVE_ARCH = YES;
				SDKROOT = iphoneos;
				SWIFT_ACTIVE_COMPILATION_CONDITIONS = "DEBUG $(inherited)";
				SWIFT_OPTIMIZATION_LEVEL = "-Onone";
			};
			name = Debug;
		};
		04983FA12C008A1E0014CD63 /* Release */ = {
			isa = XCBuildConfiguration;
			buildSettings = {
				ALWAYS_SEARCH_USER_PATHS = NO;
				ASSETCATALOG_COMPILER_GENERATE_SWIFT_ASSET_SYMBOL_EXTENSIONS = YES;
				CLANG_ANALYZER_NONNULL = YES;
				CLANG_ANALYZER_NUMBER_OBJECT_CONVERSION = YES_AGGRESSIVE;
				CLANG_CXX_LANGUAGE_STANDARD = "gnu++20";
				CLANG_ENABLE_MODULES = YES;
				CLANG_ENABLE_OBJC_ARC = YES;
				CLANG_ENABLE_OBJC_WEAK = YES;
				CLANG_WARN_BLOCK_CAPTURE_AUTORELEASING = YES;
				CLANG_WARN_BOOL_CONVERSION = YES;
				CLANG_WARN_COMMA = YES;
				CLANG_WARN_CONSTANT_CONVERSION = YES;
				CLANG_WARN_DEPRECATED_OBJC_IMPLEMENTATIONS = YES;
				CLANG_WARN_DIRECT_OBJC_ISA_USAGE = YES_ERROR;
				CLANG_WARN_DOCUMENTATION_COMMENTS = YES;
				CLANG_WARN_EMPTY_BODY = YES;
				CLANG_WARN_ENUM_CONVERSION = YES;
				CLANG_WARN_INFINITE_RECURSION = YES;
				CLANG_WARN_INT_CONVERSION = YES;
				CLANG_WARN_NON_LITERAL_NULL_CONVERSION = YES;
				CLANG_WARN_OBJC_IMPLICIT_RETAIN_SELF = YES;
				CLANG_WARN_OBJC_LITERAL_CONVERSION = YES;
				CLANG_WARN_OBJC_ROOT_CLASS = YES_ERROR;
				CLANG_WARN_QUOTED_INCLUDE_IN_FRAMEWORK_HEADER = YES;
				CLANG_WARN_RANGE_LOOP_ANALYSIS = YES;
				CLANG_WARN_STRICT_PROTOTYPES = YES;
				CLANG_WARN_SUSPICIOUS_MOVE = YES;
				CLANG_WARN_UNGUARDED_AVAILABILITY = YES_AGGRESSIVE;
				CLANG_WARN_UNREACHABLE_CODE = YES;
				CLANG_WARN__DUPLICATE_METHOD_MATCH = YES;
				COPY_PHASE_STRIP = NO;
				DEBUG_INFORMATION_FORMAT = "dwarf-with-dsym";
				ENABLE_NS_ASSERTIONS = NO;
				ENABLE_STRICT_OBJC_MSGSEND = YES;
				ENABLE_USER_SCRIPT_SANDBOXING = YES;
				GCC_C_LANGUAGE_STANDARD = gnu17;
				GCC_NO_COMMON_BLOCKS = YES;
				GCC_WARN_64_TO_32_BIT_CONVERSION = YES;
				GCC_WARN_ABOUT_RETURN_TYPE = YES_ERROR;
				GCC_WARN_UNDECLARED_SELECTOR = YES;
				GCC_WARN_UNINITIALIZED_AUTOS = YES_AGGRESSIVE;
				GCC_WARN_UNUSED_FUNCTION = YES;
				GCC_WARN_UNUSED_VARIABLE = YES;
				IPHONEOS_DEPLOYMENT_TARGET = 17.4;
				LOCALIZATION_PREFERS_STRING_CATALOGS = YES;
				MTL_ENABLE_DEBUG_INFO = NO;
				MTL_FAST_MATH = YES;
				SDKROOT = iphoneos;
				SWIFT_COMPILATION_MODE = wholemodule;
				VALIDATE_PRODUCT = YES;
			};
			name = Release;
		};
		04983FA32C008A1E0014CD63 /* Debug */ = {
			isa = XCBuildConfiguration;
			buildSettings = {
				ASSETCATALOG_COMPILER_APPICON_NAME = AppIcon;
				ASSETCATALOG_COMPILER_GLOBAL_ACCENT_COLOR_NAME = AccentColor;
				CODE_SIGN_STYLE = Automatic;
				CURRENT_PROJECT_VERSION = 1;
				DEVELOPMENT_TEAM = "";
				GENERATE_INFOPLIST_FILE = YES;
				INFOPLIST_FILE = Assignment_240524/Info.plist;
				INFOPLIST_KEY_UIApplicationSupportsIndirectInputEvents = YES;
				INFOPLIST_KEY_UILaunchStoryboardName = LaunchScreen;
				INFOPLIST_KEY_UIMainStoryboardFile = Magazine;
				INFOPLIST_KEY_UISupportedInterfaceOrientations = UIInterfaceOrientationPortrait;
				INFOPLIST_KEY_UISupportedInterfaceOrientations_iPad = "UIInterfaceOrientationLandscapeLeft UIInterfaceOrientationLandscapeRight UIInterfaceOrientationPortrait UIInterfaceOrientationPortraitUpsideDown";
				IPHONEOS_DEPLOYMENT_TARGET = 16.0;
				LD_RUNPATH_SEARCH_PATHS = (
					"$(inherited)",
					"@executable_path/Frameworks",
				);
				MARKETING_VERSION = 1.0;
				PRODUCT_BUNDLE_IDENTIFIER = "com.Assignment-240524";
				PRODUCT_NAME = "$(TARGET_NAME)";
				SUPPORTED_PLATFORMS = "iphoneos iphonesimulator";
				SUPPORTS_MACCATALYST = NO;
				SUPPORTS_MAC_DESIGNED_FOR_IPHONE_IPAD = NO;
				SUPPORTS_XR_DESIGNED_FOR_IPHONE_IPAD = NO;
				SWIFT_EMIT_LOC_STRINGS = YES;
				SWIFT_VERSION = 5.0;
				TARGETED_DEVICE_FAMILY = 1;
			};
			name = Debug;
		};
		04983FA42C008A1E0014CD63 /* Release */ = {
			isa = XCBuildConfiguration;
			buildSettings = {
				ASSETCATALOG_COMPILER_APPICON_NAME = AppIcon;
				ASSETCATALOG_COMPILER_GLOBAL_ACCENT_COLOR_NAME = AccentColor;
				CODE_SIGN_STYLE = Automatic;
				CURRENT_PROJECT_VERSION = 1;
				DEVELOPMENT_TEAM = "";
				GENERATE_INFOPLIST_FILE = YES;
				INFOPLIST_FILE = Assignment_240524/Info.plist;
				INFOPLIST_KEY_UIApplicationSupportsIndirectInputEvents = YES;
				INFOPLIST_KEY_UILaunchStoryboardName = LaunchScreen;
				INFOPLIST_KEY_UIMainStoryboardFile = Magazine;
				INFOPLIST_KEY_UISupportedInterfaceOrientations = UIInterfaceOrientationPortrait;
				INFOPLIST_KEY_UISupportedInterfaceOrientations_iPad = "UIInterfaceOrientationLandscapeLeft UIInterfaceOrientationLandscapeRight UIInterfaceOrientationPortrait UIInterfaceOrientationPortraitUpsideDown";
				IPHONEOS_DEPLOYMENT_TARGET = 16.0;
				LD_RUNPATH_SEARCH_PATHS = (
					"$(inherited)",
					"@executable_path/Frameworks",
				);
				MARKETING_VERSION = 1.0;
				PRODUCT_BUNDLE_IDENTIFIER = "com.Assignment-240524";
				PRODUCT_NAME = "$(TARGET_NAME)";
				SUPPORTED_PLATFORMS = "iphoneos iphonesimulator";
				SUPPORTS_MACCATALYST = NO;
				SUPPORTS_MAC_DESIGNED_FOR_IPHONE_IPAD = NO;
				SUPPORTS_XR_DESIGNED_FOR_IPHONE_IPAD = NO;
				SWIFT_EMIT_LOC_STRINGS = YES;
				SWIFT_VERSION = 5.0;
				TARGETED_DEVICE_FAMILY = 1;
			};
			name = Release;
		};
/* End XCBuildConfiguration section */

/* Begin XCConfigurationList section */
		04983F892C008A1D0014CD63 /* Build configuration list for PBXProject "Assignment_240524" */ = {
			isa = XCConfigurationList;
			buildConfigurations = (
				04983FA02C008A1E0014CD63 /* Debug */,
				04983FA12C008A1E0014CD63 /* Release */,
			);
			defaultConfigurationIsVisible = 0;
			defaultConfigurationName = Release;
		};
		04983FA22C008A1E0014CD63 /* Build configuration list for PBXNativeTarget "Assignment_240524" */ = {
			isa = XCConfigurationList;
			buildConfigurations = (
				04983FA32C008A1E0014CD63 /* Debug */,
				04983FA42C008A1E0014CD63 /* Release */,
			);
			defaultConfigurationIsVisible = 0;
			defaultConfigurationName = Release;
		};
/* End XCConfigurationList section */

/* Begin XCRemoteSwiftPackageReference section */
		04983FAD2C00B1680014CD63 /* XCRemoteSwiftPackageReference "Kingfisher" */ = {
			isa = XCRemoteSwiftPackageReference;
			repositoryURL = "https://github.com/onevcat/Kingfisher.git";
			requirement = {
				kind = upToNextMajorVersion;
				minimumVersion = 7.11.0;
			};
		};
/* End XCRemoteSwiftPackageReference section */

/* Begin XCSwiftPackageProductDependency section */
		04983FAE2C00B1680014CD63 /* Kingfisher */ = {
			isa = XCSwiftPackageProductDependency;
			package = 04983FAD2C00B1680014CD63 /* XCRemoteSwiftPackageReference "Kingfisher" */;
			productName = Kingfisher;
		};
/* End XCSwiftPackageProductDependency section */
	};
	rootObject = 04983F862C008A1D0014CD63 /* Project object */;
}
